
Microsoft Visual Studio Solution File, Format Version 12.00
# Visual Studio Version 17
VisualStudioVersion = 17.3.32901.215
MinimumVisualStudioVersion = 10.0.40219.1
Project("{FAE04EC0-301F-11D3-BF4B-00C04F79EFBC}") = "Assignment3_n01540458", "Assignment3_n01540458\Assignment3_n01540458.csproj", "{69DB5637-7800-49F4-9D98-D3CD641B4BCF}"
EndProject
Global
	GlobalSection(SolutionConfigurationPlatforms) = preSolution
		Debug|Any CPU = Debug|Any CPU
		Release|Any CPU = Release|Any CPU
	EndGlobalSection
	GlobalSection(ProjectConfigurationPlatforms) = postSolution
		{69DB5637-7800-49F4-9D98-D3CD641B4BCF}.Debug|Any CPU.ActiveCfg = Debug|Any CPU
		{69DB5637-7800-49F4-9D98-D3CD641B4BCF}.Debug|Any CPU.Build.0 = Debug|Any CPU
		{69DB5637-7800-49F4-9D98-D3CD641B4BCF}.Release|Any CPU.ActiveCfg = Release|Any CPU
		{69DB5637-7800-49F4-9D98-D3CD641B4BCF}.Release|Any CPU.Build.0 = Release|Any CPU
	EndGlobalSection
	GlobalSection(SolutionProperties) = preSolution
		HideSolutionNode = FALSE
	EndGlobalSection
	GlobalSection(ExtensibilityGlobals) = postSolution
		SolutionGuid = {ACB5BF49-77E1-4F9C-9D7A-B967A1F4E564}
	EndGlobalSection
EndGlobal
